
Microsoft Visual Studio Solution File, Format Version 12.00
# Visual Studio 15
VisualStudioVersion = 15.0.28010.2046
MinimumVisualStudioVersion = 10.0.40219.1
Project("{FAE04EC0-301F-11D3-BF4B-00C04F79EFBC}") = "CXCVCapitalIntrant", "CXCVCapitalIntrant\CXCVCapitalIntrant.csproj", "{8006755C-EED5-4F2F-BD93-3A83E8DDDC36}"
EndProject
Global
	GlobalSection(SolutionConfigurationPlatforms) = preSolution
		Debug|Any CPU = Debug|Any CPU
		Release|Any CPU = Release|Any CPU
	EndGlobalSection
	GlobalSection(ProjectConfigurationPlatforms) = postSolution
		{8006755C-EED5-4F2F-BD93-3A83E8DDDC36}.Debug|Any CPU.ActiveCfg = Debug|Any CPU
		{8006755C-EED5-4F2F-BD93-3A83E8DDDC36}.Debug|Any CPU.Build.0 = Debug|Any CPU
		{8006755C-EED5-4F2F-BD93-3A83E8DDDC36}.Release|Any CPU.ActiveCfg = Release|Any CPU
		{8006755C-EED5-4F2F-BD93-3A83E8DDDC36}.Release|Any CPU.Build.0 = Release|Any CPU
	EndGlobalSection
	GlobalSection(SolutionProperties) = preSolution
		HideSolutionNode = FALSE
	EndGlobalSection
	GlobalSection(ExtensibilityGlobals) = postSolution
		SolutionGuid = {403AB7A3-14E6-4216-B941-7D2EFE0289A3}
	EndGlobalSection
EndGlobal
